
Microsoft Visual Studio Solution File, Format Version 12.00
# Visual Studio Version 17
VisualStudioVersion = 17.7.34024.191
MinimumVisualStudioVersion = 10.0.40219.1
Project("{9A19103F-16F7-4668-BE54-9A1E7A4F7556}") = "ICT3101_Calculator", "ICT3101_Calculator\ICT3101_Calculator.csproj", "{6FD52268-E212-488C-A2E3-B1782E2299FF}"
EndProject
Project("{9A19103F-16F7-4668-BE54-9A1E7A4F7556}") = "ICT3101_Calculator.UnitTests", "ICT3101_Calculator.UnitTests\ICT3101_Calculator.UnitTests.csproj", "{740D622D-4C36-49D3-900F-BBEDB56D50B9}"
EndProject
Project("{9A19103F-16F7-4668-BE54-9A1E7A4F7556}") = "SpecFlowCalculatorTests", "SpecFlowCalculatorTests\SpecFlowCalculatorTests.csproj", "{2356E7F0-B37C-474B-B4EF-D25A8DE8F4DD}"
EndProject
Project("{2150E333-8FDC-42A3-9474-1A3956D46DE8}") = "Solution Items", "Solution Items", "{9315BB57-DD0E-42BC-8435-690141B8C72A}"
	ProjectSection(SolutionItems) = preProject
		.github\workflows\dotnet-desktop.yml = .github\workflows\dotnet-desktop.yml
	EndProjectSection
EndProject
Global
	GlobalSection(SolutionConfigurationPlatforms) = preSolution
		Debug|Any CPU = Debug|Any CPU
		Release|Any CPU = Release|Any CPU
	EndGlobalSection
	GlobalSection(ProjectConfigurationPlatforms) = postSolution
		{6FD52268-E212-488C-A2E3-B1782E2299FF}.Debug|Any CPU.ActiveCfg = Debug|Any CPU
		{6FD52268-E212-488C-A2E3-B1782E2299FF}.Debug|Any CPU.Build.0 = Debug|Any CPU
		{6FD52268-E212-488C-A2E3-B1782E2299FF}.Release|Any CPU.ActiveCfg = Release|Any CPU
		{6FD52268-E212-488C-A2E3-B1782E2299FF}.Release|Any CPU.Build.0 = Release|Any CPU
		{740D622D-4C36-49D3-900F-BBEDB56D50B9}.Debug|Any CPU.ActiveCfg = Debug|Any CPU
		{740D622D-4C36-49D3-900F-BBEDB56D50B9}.Debug|Any CPU.Build.0 = Debug|Any CPU
		{740D622D-4C36-49D3-900F-BBEDB56D50B9}.Release|Any CPU.ActiveCfg = Release|Any CPU
		{740D622D-4C36-49D3-900F-BBEDB56D50B9}.Release|Any CPU.Build.0 = Release|Any CPU
		{2356E7F0-B37C-474B-B4EF-D25A8DE8F4DD}.Debug|Any CPU.ActiveCfg = Debug|Any CPU
		{2356E7F0-B37C-474B-B4EF-D25A8DE8F4DD}.Debug|Any CPU.Build.0 = Debug|Any CPU
		{2356E7F0-B37C-474B-B4EF-D25A8DE8F4DD}.Release|Any CPU.ActiveCfg = Release|Any CPU
		{2356E7F0-B37C-474B-B4EF-D25A8DE8F4DD}.Release|Any CPU.Build.0 = Release|Any CPU
	EndGlobalSection
	GlobalSection(SolutionProperties) = preSolution
		HideSolutionNode = FALSE
	EndGlobalSection
	GlobalSection(ExtensibilityGlobals) = postSolution
		SolutionGuid = {6DA691DA-7C47-4C80-9236-6CA612D70A27}
	EndGlobalSection
EndGlobal
