
Microsoft Visual Studio Solution File, Format Version 12.00
# Visual Studio Version 17
VisualStudioVersion = 17.7.34024.191
MinimumVisualStudioVersion = 10.0.40219.1
Project("{FAE04EC0-301F-11D3-BF4B-00C04F79EFBC}") = "ICT3101_Calculator", "ICT3101_Calculator\ICT3101_Calculator.csproj", "{6FD52268-E212-488C-A2E3-B1782E2299FF}"
EndProject
Project("{FAE04EC0-301F-11D3-BF4B-00C04F79EFBC}") = "ICT3101_Calculator.UnitTests", "ICT3101_Calculator.UnitTests\ICT3101_Calculator.UnitTests.csproj", "{740D622D-4C36-49D3-900F-BBEDB56D50B9}"
EndProject
Global
	GlobalSection(SolutionConfigurationPlatforms) = preSolution
		Debug|Any CPU = Debug|Any CPU
		Release|Any CPU = Release|Any CPU
	EndGlobalSection
	GlobalSection(ProjectConfigurationPlatforms) = postSolution
		{6FD52268-E212-488C-A2E3-B1782E2299FF}.Debug|Any CPU.ActiveCfg = Debug|Any CPU
		{6FD52268-E212-488C-A2E3-B1782E2299FF}.Debug|Any CPU.Build.0 = Debug|Any CPU
		{6FD52268-E212-488C-A2E3-B1782E2299FF}.Release|Any CPU.ActiveCfg = Release|Any CPU
		{6FD52268-E212-488C-A2E3-B1782E2299FF}.Release|Any CPU.Build.0 = Release|Any CPU
		{740D622D-4C36-49D3-900F-BBEDB56D50B9}.Debug|Any CPU.ActiveCfg = Debug|Any CPU
		{740D622D-4C36-49D3-900F-BBEDB56D50B9}.Debug|Any CPU.Build.0 = Debug|Any CPU
		{740D622D-4C36-49D3-900F-BBEDB56D50B9}.Release|Any CPU.ActiveCfg = Release|Any CPU
		{740D622D-4C36-49D3-900F-BBEDB56D50B9}.Release|Any CPU.Build.0 = Release|Any CPU
	EndGlobalSection
	GlobalSection(SolutionProperties) = preSolution
		HideSolutionNode = FALSE
	EndGlobalSection
	GlobalSection(ExtensibilityGlobals) = postSolution
		SolutionGuid = {6DA691DA-7C47-4C80-9236-6CA612D70A27}
	EndGlobalSection
EndGlobal
